// !$*UTF8*$!
{
	archiveVersion = 1;
	classes = {
	};
	objectVersion = 46;
	objects = {

/* Begin PBXBuildFile section */
		21C4BD4119927BCA0064F3B3 /* Foundation.framework in Frameworks */ = {isa = PBXBuildFile; fileRef = 21C4BD4019927BCA0064F3B3 /* Foundation.framework */; };
		21C4BD4319927BCA0064F3B3 /* CoreGraphics.framework in Frameworks */ = {isa = PBXBuildFile; fileRef = 21C4BD4219927BCA0064F3B3 /* CoreGraphics.framework */; };
		21C4BD4519927BCA0064F3B3 /* UIKit.framework in Frameworks */ = {isa = PBXBuildFile; fileRef = 21C4BD4419927BCA0064F3B3 /* UIKit.framework */; };
		21C4BD4B19927BCA0064F3B3 /* InfoPlist.strings in Resources */ = {isa = PBXBuildFile; fileRef = 21C4BD4919927BCA0064F3B3 /* InfoPlist.strings */; };
		21C4BD4D19927BCA0064F3B3 /* main.m in Sources */ = {isa = PBXBuildFile; fileRef = 21C4BD4C19927BCA0064F3B3 /* main.m */; };
		21C4BD5119927BCA0064F3B3 /* AppDelegate.m in Sources */ = {isa = PBXBuildFile; fileRef = 21C4BD5019927BCA0064F3B3 /* AppDelegate.m */; };
		21C4BD5419927BCA0064F3B3 /* Main.storyboard in Resources */ = {isa = PBXBuildFile; fileRef = 21C4BD5219927BCA0064F3B3 /* Main.storyboard */; };
		21C4BD5719927BCA0064F3B3 /* ViewController.m in Sources */ = {isa = PBXBuildFile; fileRef = 21C4BD5619927BCA0064F3B3 /* ViewController.m */; };
		21C4BD5919927BCA0064F3B3 /* Images.xcassets in Resources */ = {isa = PBXBuildFile; fileRef = 21C4BD5819927BCA0064F3B3 /* Images.xcassets */; };
		21C4BD6019927BCA0064F3B3 /* XCTest.framework in Frameworks */ = {isa = PBXBuildFile; fileRef = 21C4BD5F19927BCA0064F3B3 /* XCTest.framework */; };
		21C4BD6119927BCA0064F3B3 /* Foundation.framework in Frameworks */ = {isa = PBXBuildFile; fileRef = 21C4BD4019927BCA0064F3B3 /* Foundation.framework */; };
		21C4BD6219927BCA0064F3B3 /* UIKit.framework in Frameworks */ = {isa = PBXBuildFile; fileRef = 21C4BD4419927BCA0064F3B3 /* UIKit.framework */; };
		21C4BD6A19927BCA0064F3B3 /* InfoPlist.strings in Resources */ = {isa = PBXBuildFile; fileRef = 21C4BD6819927BCA0064F3B3 /* InfoPlist.strings */; };
		21C4BD6C19927BCA0064F3B3 /* WineAppTests.m in Sources */ = {isa = PBXBuildFile; fileRef = 21C4BD6B19927BCA0064F3B3 /* WineAppTests.m */; };
/* End PBXBuildFile section */

/* Begin PBXContainerItemProxy section */
		21C4BD6319927BCA0064F3B3 /* PBXContainerItemProxy */ = {
			isa = PBXContainerItemProxy;
			containerPortal = 21C4BD3519927BCA0064F3B3 /* Project object */;
			proxyType = 1;
			remoteGlobalIDString = 21C4BD3C19927BCA0064F3B3;
			remoteInfo = WineApp;
		};
/* End PBXContainerItemProxy section */

/* Begin PBXFileReference section */
		21C4BD3D19927BCA0064F3B3 /* WineApp.app */ = {isa = PBXFileReference; explicitFileType = wrapper.application; includeInIndex = 0; path = WineApp.app; sourceTree = BUILT_PRODUCTS_DIR; };
		21C4BD4019927BCA0064F3B3 /* Foundation.framework */ = {isa = PBXFileReference; lastKnownFileType = wrapper.framework; name = Foundation.framework; path = System/Library/Frameworks/Foundation.framework; sourceTree = SDKROOT; };
		21C4BD4219927BCA0064F3B3 /* CoreGraphics.framework */ = {isa = PBXFileReference; lastKnownFileType = wrapper.framework; name = CoreGraphics.framework; path = System/Library/Frameworks/CoreGraphics.framework; sourceTree = SDKROOT; };
		21C4BD4419927BCA0064F3B3 /* UIKit.framework */ = {isa = PBXFileReference; lastKnownFileType = wrapper.framework; name = UIKit.framework; path = System/Library/Frameworks/UIKit.framework; sourceTree = SDKROOT; };
		21C4BD4819927BCA0064F3B3 /* WineApp-Info.plist */ = {isa = PBXFileReference; lastKnownFileType = text.plist.xml; path = "WineApp-Info.plist"; sourceTree = "<group>"; };
		21C4BD4A19927BCA0064F3B3 /* en */ = {isa = PBXFileReference; lastKnownFileType = text.plist.strings; name = en; path = en.lproj/InfoPlist.strings; sourceTree = "<group>"; };
		21C4BD4C19927BCA0064F3B3 /* main.m */ = {isa = PBXFileReference; lastKnownFileType = sourcecode.c.objc; path = main.m; sourceTree = "<group>"; };
		21C4BD4E19927BCA0064F3B3 /* WineApp-Prefix.pch */ = {isa = PBXFileReference; lastKnownFileType = sourcecode.c.h; path = "WineApp-Prefix.pch"; sourceTree = "<group>"; };
		21C4BD4F19927BCA0064F3B3 /* AppDelegate.h */ = {isa = PBXFileReference; lastKnownFileType = sourcecode.c.h; path = AppDelegate.h; sourceTree = "<group>"; };
		21C4BD5019927BCA0064F3B3 /* AppDelegate.m */ = {isa = PBXFileReference; lastKnownFileType = sourcecode.c.objc; path = AppDelegate.m; sourceTree = "<group>"; };
		21C4BD5319927BCA0064F3B3 /* Base */ = {isa = PBXFileReference; lastKnownFileType = file.storyboard; name = Base; path = Base.lproj/Main.storyboard; sourceTree = "<group>"; };
		21C4BD5519927BCA0064F3B3 /* ViewController.h */ = {isa = PBXFileReference; lastKnownFileType = sourcecode.c.h; path = ViewController.h; sourceTree = "<group>"; };
		21C4BD5619927BCA0064F3B3 /* ViewController.m */ = {isa = PBXFileReference; lastKnownFileType = sourcecode.c.objc; path = ViewController.m; sourceTree = "<group>"; };
		21C4BD5819927BCA0064F3B3 /* Images.xcassets */ = {isa = PBXFileReference; lastKnownFileType = folder.assetcatalog; path = Images.xcassets; sourceTree = "<group>"; };
		21C4BD5E19927BCA0064F3B3 /* WineAppTests.xctest */ = {isa = PBXFileReference; explicitFileType = wrapper.cfbundle; includeInIndex = 0; path = WineAppTests.xctest; sourceTree = BUILT_PRODUCTS_DIR; };
		21C4BD5F19927BCA0064F3B3 /* XCTest.framework */ = {isa = PBXFileReference; lastKnownFileType = wrapper.framework; name = XCTest.framework; path = Library/Frameworks/XCTest.framework; sourceTree = DEVELOPER_DIR; };
		21C4BD6719927BCA0064F3B3 /* WineAppTests-Info.plist */ = {isa = PBXFileReference; lastKnownFileType = text.plist.xml; path = "WineAppTests-Info.plist"; sourceTree = "<group>"; };
		21C4BD6919927BCA0064F3B3 /* en */ = {isa = PBXFileReference; lastKnownFileType = text.plist.strings; name = en; path = en.lproj/InfoPlist.strings; sourceTree = "<group>"; };
		21C4BD6B19927BCA0064F3B3 /* WineAppTests.m */ = {isa = PBXFileReference; lastKnownFileType = sourcecode.c.objc; path = WineAppTests.m; sourceTree = "<group>"; };
/* End PBXFileReference section */

/* Begin PBXFrameworksBuildPhase section */
		21C4BD3A19927BCA0064F3B3 /* Frameworks */ = {
			isa = PBXFrameworksBuildPhase;
			buildActionMask = 2147483647;
			files = (
				21C4BD4319927BCA0064F3B3 /* CoreGraphics.framework in Frameworks */,
				21C4BD4519927BCA0064F3B3 /* UIKit.framework in Frameworks */,
				21C4BD4119927BCA0064F3B3 /* Foundation.framework in Frameworks */,
			);
			runOnlyForDeploymentPostprocessing = 0;
		};
		21C4BD5B19927BCA0064F3B3 /* Frameworks */ = {
			isa = PBXFrameworksBuildPhase;
			buildActionMask = 2147483647;
			files = (
				21C4BD6019927BCA0064F3B3 /* XCTest.framework in Frameworks */,
				21C4BD6219927BCA0064F3B3 /* UIKit.framework in Frameworks */,
				21C4BD6119927BCA0064F3B3 /* Foundation.framework in Frameworks */,
			);
			runOnlyForDeploymentPostprocessing = 0;
		};
/* End PBXFrameworksBuildPhase section */

/* Begin PBXGroup section */
		21C4BD3419927BCA0064F3B3 = {
			isa = PBXGroup;
			children = (
				21C4BD4619927BCA0064F3B3 /* WineApp */,
				21C4BD6519927BCA0064F3B3 /* WineAppTests */,
				21C4BD3F19927BCA0064F3B3 /* Frameworks */,
				21C4BD3E19927BCA0064F3B3 /* Products */,
			);
			sourceTree = "<group>";
		};
		21C4BD3E19927BCA0064F3B3 /* Products */ = {
			isa = PBXGroup;
			children = (
				21C4BD3D19927BCA0064F3B3 /* WineApp.app */,
				21C4BD5E19927BCA0064F3B3 /* WineAppTests.xctest */,
			);
			name = Products;
			sourceTree = "<group>";
		};
		21C4BD3F19927BCA0064F3B3 /* Frameworks */ = {
			isa = PBXGroup;
			children = (
				21C4BD4019927BCA0064F3B3 /* Foundation.framework */,
				21C4BD4219927BCA0064F3B3 /* CoreGraphics.framework */,
				21C4BD4419927BCA0064F3B3 /* UIKit.framework */,
				21C4BD5F19927BCA0064F3B3 /* XCTest.framework */,
			);
			name = Frameworks;
			sourceTree = "<group>";
		};
		21C4BD4619927BCA0064F3B3 /* WineApp */ = {
			isa = PBXGroup;
			children = (
				21C4BD4F19927BCA0064F3B3 /* AppDelegate.h */,
				21C4BD5019927BCA0064F3B3 /* AppDelegate.m */,
				21C4BD5219927BCA0064F3B3 /* Main.storyboard */,
				21C4BD5519927BCA0064F3B3 /* ViewController.h */,
				21C4BD5619927BCA0064F3B3 /* ViewController.m */,
				21C4BD5819927BCA0064F3B3 /* Images.xcassets */,
				21C4BD4719927BCA0064F3B3 /* Supporting Files */,
			);
			path = WineApp;
			sourceTree = "<group>";
		};
		21C4BD4719927BCA0064F3B3 /* Supporting Files */ = {
			isa = PBXGroup;
			children = (
				21C4BD4819927BCA0064F3B3 /* WineApp-Info.plist */,
				21C4BD4919927BCA0064F3B3 /* InfoPlist.strings */,
				21C4BD4C19927BCA0064F3B3 /* main.m */,
				21C4BD4E19927BCA0064F3B3 /* WineApp-Prefix.pch */,
			);
			name = "Supporting Files";
			sourceTree = "<group>";
		};
		21C4BD6519927BCA0064F3B3 /* WineAppTests */ = {
			isa = PBXGroup;
			children = (
				21C4BD6B19927BCA0064F3B3 /* WineAppTests.m */,
				21C4BD6619927BCA0064F3B3 /* Supporting Files */,
			);
			path = WineAppTests;
			sourceTree = "<group>";
		};
		21C4BD6619927BCA0064F3B3 /* Supporting Files */ = {
			isa = PBXGroup;
			children = (
				21C4BD6719927BCA0064F3B3 /* WineAppTests-Info.plist */,
				21C4BD6819927BCA0064F3B3 /* InfoPlist.strings */,
			);
			name = "Supporting Files";
			sourceTree = "<group>";
		};
/* End PBXGroup section */

/* Begin PBXNativeTarget section */
		21C4BD3C19927BCA0064F3B3 /* WineApp */ = {
			isa = PBXNativeTarget;
			buildConfigurationList = 21C4BD6F19927BCA0064F3B3 /* Build configuration list for PBXNativeTarget "WineApp" */;
			buildPhases = (
				21C4BD3919927BCA0064F3B3 /* Sources */,
				21C4BD3A19927BCA0064F3B3 /* Frameworks */,
				21C4BD3B19927BCA0064F3B3 /* Resources */,
			);
			buildRules = (
			);
			dependencies = (
			);
			name = WineApp;
			productName = WineApp;
			productReference = 21C4BD3D19927BCA0064F3B3 /* WineApp.app */;
			productType = "com.apple.product-type.application";
		};
		21C4BD5D19927BCA0064F3B3 /* WineAppTests */ = {
			isa = PBXNativeTarget;
			buildConfigurationList = 21C4BD7219927BCA0064F3B3 /* Build configuration list for PBXNativeTarget "WineAppTests" */;
			buildPhases = (
				21C4BD5A19927BCA0064F3B3 /* Sources */,
				21C4BD5B19927BCA0064F3B3 /* Frameworks */,
				21C4BD5C19927BCA0064F3B3 /* Resources */,
			);
			buildRules = (
			);
			dependencies = (
				21C4BD6419927BCA0064F3B3 /* PBXTargetDependency */,
			);
			name = WineAppTests;
			productName = WineAppTests;
			productReference = 21C4BD5E19927BCA0064F3B3 /* WineAppTests.xctest */;
			productType = "com.apple.product-type.bundle.unit-test";
		};
/* End PBXNativeTarget section */

/* Begin PBXProject section */
		21C4BD3519927BCA0064F3B3 /* Project object */ = {
			isa = PBXProject;
			attributes = {
				LastUpgradeCheck = 0510;
				ORGANIZATIONNAME = lcqgrey;
				TargetAttributes = {
					21C4BD5D19927BCA0064F3B3 = {
						TestTargetID = 21C4BD3C19927BCA0064F3B3;
					};
				};
			};
			buildConfigurationList = 21C4BD3819927BCA0064F3B3 /* Build configuration list for PBXProject "WineApp" */;
			compatibilityVersion = "Xcode 3.2";
			developmentRegion = English;
			hasScannedForEncodings = 0;
			knownRegions = (
				en,
				Base,
			);
			mainGroup = 21C4BD3419927BCA0064F3B3;
			productRefGroup = 21C4BD3E19927BCA0064F3B3 /* Products */;
			projectDirPath = "";
			projectRoot = "";
			targets = (
				21C4BD3C19927BCA0064F3B3 /* WineApp */,
				21C4BD5D19927BCA0064F3B3 /* WineAppTests */,
			);
		};
/* End PBXProject section */

/* Begin PBXResourcesBuildPhase section */
		21C4BD3B19927BCA0064F3B3 /* Resources */ = {
			isa = PBXResourcesBuildPhase;
			buildActionMask = 2147483647;
			files = (
				21C4BD5919927BCA0064F3B3 /* Images.xcassets in Resources */,
				21C4BD4B19927BCA0064F3B3 /* InfoPlist.strings in Resources */,
				21C4BD5419927BCA0064F3B3 /* Main.storyboard in Resources */,
			);
			runOnlyForDeploymentPostprocessing = 0;
		};
		21C4BD5C19927BCA0064F3B3 /* Resources */ = {
			isa = PBXResourcesBuildPhase;
			buildActionMask = 2147483647;
			files = (
				21C4BD6A19927BCA0064F3B3 /* InfoPlist.strings in Resources */,
			);
			runOnlyForDeploymentPostprocessing = 0;
		};
/* End PBXResourcesBuildPhase section */

/* Begin PBXSourcesBuildPhase section */
		21C4BD3919927BCA0064F3B3 /* Sources */ = {
			isa = PBXSourcesBuildPhase;
			buildActionMask = 2147483647;
			files = (
				21C4BD5719927BCA0064F3B3 /* ViewController.m in Sources */,
				21C4BD5119927BCA0064F3B3 /* AppDelegate.m in Sources */,
				21C4BD4D19927BCA0064F3B3 /* main.m in Sources */,
			);
			runOnlyForDeploymentPostprocessing = 0;
		};
		21C4BD5A19927BCA0064F3B3 /* Sources */ = {
			isa = PBXSourcesBuildPhase;
			buildActionMask = 2147483647;
			files = (
				21C4BD6C19927BCA0064F3B3 /* WineAppTests.m in Sources */,
			);
			runOnlyForDeploymentPostprocessing = 0;
		};
/* End PBXSourcesBuildPhase section */

/* Begin PBXTargetDependency section */
		21C4BD6419927BCA0064F3B3 /* PBXTargetDependency */ = {
			isa = PBXTargetDependency;
			target = 21C4BD3C19927BCA0064F3B3 /* WineApp */;
			targetProxy = 21C4BD6319927BCA0064F3B3 /* PBXContainerItemProxy */;
		};
/* End PBXTargetDependency section */

/* Begin PBXVariantGroup section */
		21C4BD4919927BCA0064F3B3 /* InfoPlist.strings */ = {
			isa = PBXVariantGroup;
			children = (
				21C4BD4A19927BCA0064F3B3 /* en */,
			);
			name = InfoPlist.strings;
			sourceTree = "<group>";
		};
		21C4BD5219927BCA0064F3B3 /* Main.storyboard */ = {
			isa = PBXVariantGroup;
			children = (
				21C4BD5319927BCA0064F3B3 /* Base */,
			);
			name = Main.storyboard;
			sourceTree = "<group>";
		};
		21C4BD6819927BCA0064F3B3 /* InfoPlist.strings */ = {
			isa = PBXVariantGroup;
			children = (
				21C4BD6919927BCA0064F3B3 /* en */,
			);
			name = InfoPlist.strings;
			sourceTree = "<group>";
		};
/* End PBXVariantGroup section */

/* Begin XCBuildConfiguration section */
		21C4BD6D19927BCA0064F3B3 /* Debug */ = {
			isa = XCBuildConfiguration;
			buildSettings = {
				ALWAYS_SEARCH_USER_PATHS = NO;
				CLANG_CXX_LANGUAGE_STANDARD = "gnu++0x";
				CLANG_CXX_LIBRARY = "libc++";
				CLANG_ENABLE_MODULES = YES;
				CLANG_ENABLE_OBJC_ARC = YES;
				CLANG_WARN_BOOL_CONVERSION = YES;
				CLANG_WARN_CONSTANT_CONVERSION = YES;
				CLANG_WARN_DIRECT_OBJC_ISA_USAGE = YES_ERROR;
				CLANG_WARN_EMPTY_BODY = YES;
				CLANG_WARN_ENUM_CONVERSION = YES;
				CLANG_WARN_INT_CONVERSION = YES;
				CLANG_WARN_OBJC_ROOT_CLASS = YES_ERROR;
				CLANG_WARN__DUPLICATE_METHOD_MATCH = YES;
				"CODE_SIGN_IDENTITY[sdk=iphoneos*]" = "iPhone Developer";
				COPY_PHASE_STRIP = NO;
				GCC_C_LANGUAGE_STANDARD = gnu99;
				GCC_DYNAMIC_NO_PIC = NO;
				GCC_OPTIMIZATION_LEVEL = 0;
				GCC_PREPROCESSOR_DEFINITIONS = (
					"DEBUG=1",
					"$(inherited)",
				);
				GCC_SYMBOLS_PRIVATE_EXTERN = NO;
				GCC_WARN_64_TO_32_BIT_CONVERSION = YES;
				GCC_WARN_ABOUT_RETURN_TYPE = YES_ERROR;
				GCC_WARN_UNDECLARED_SELECTOR = YES;
				GCC_WARN_UNINITIALIZED_AUTOS = YES_AGGRESSIVE;
				GCC_WARN_UNUSED_FUNCTION = YES;
				GCC_WARN_UNUSED_VARIABLE = YES;
				IPHONEOS_DEPLOYMENT_TARGET = 7.1;
				ONLY_ACTIVE_ARCH = YES;
				SDKROOT = iphoneos;
			};
			name = Debug;
		};
		21C4BD6E19927BCA0064F3B3 /* Release */ = {
			isa = XCBuildConfiguration;
			buildSettings = {
				ALWAYS_SEARCH_USER_PATHS = NO;
				CLANG_CXX_LANGUAGE_STANDARD = "gnu++0x";
				CLANG_CXX_LIBRARY = "libc++";
				CLANG_ENABLE_MODULES = YES;
				CLANG_ENABLE_OBJC_ARC = YES;
				CLANG_WARN_BOOL_CONVERSION = YES;
				CLANG_WARN_CONSTANT_CONVERSION = YES;
				CLANG_WARN_DIRECT_OBJC_ISA_USAGE = YES_ERROR;
				CLANG_WARN_EMPTY_BODY = YES;
				CLANG_WARN_ENUM_CONVERSION = YES;
				CLANG_WARN_INT_CONVERSION = YES;
				CLANG_WARN_OBJC_ROOT_CLASS = YES_ERROR;
				CLANG_WARN__DUPLICATE_METHOD_MATCH = YES;
				"CODE_SIGN_IDENTITY[sdk=iphoneos*]" = "iPhone Developer";
				COPY_PHASE_STRIP = YES;
				ENABLE_NS_ASSERTIONS = NO;
				GCC_C_LANGUAGE_STANDARD = gnu99;
				GCC_WARN_64_TO_32_BIT_CONVERSION = YES;
				GCC_WARN_ABOUT_RETURN_TYPE = YES_ERROR;
				GCC_WARN_UNDECLARED_SELECTOR = YES;
				GCC_WARN_UNINITIALIZED_AUTOS = YES_AGGRESSIVE;
				GCC_WARN_UNUSED_FUNCTION = YES;
				GCC_WARN_UNUSED_VARIABLE = YES;
				IPHONEOS_DEPLOYMENT_TARGET = 7.1;
				SDKROOT = iphoneos;
				VALIDATE_PRODUCT = YES;
			};
			name = Release;
		};
		21C4BD7019927BCA0064F3B3 /* Debug */ = {
			isa = XCBuildConfiguration;
			buildSettings = {
				ASSETCATALOG_COMPILER_APPICON_NAME = AppIcon;
				ASSETCATALOG_COMPILER_LAUNCHIMAGE_NAME = LaunchImage;
				GCC_PRECOMPILE_PREFIX_HEADER = YES;
				GCC_PREFIX_HEADER = "WineApp/WineApp-Prefix.pch";
				INFOPLIST_FILE = "WineApp/WineApp-Info.plist";
				PRODUCT_NAME = "$(TARGET_NAME)";
				WRAPPER_EXTENSION = app;
			};
			name = Debug;
		};
		21C4BD7119927BCA0064F3B3 /* Release */ = {
			isa = XCBuildConfiguration;
			buildSettings = {
				ASSETCATALOG_COMPILER_APPICON_NAME = AppIcon;
				ASSETCATALOG_COMPILER_LAUNCHIMAGE_NAME = LaunchImage;
				GCC_PRECOMPILE_PREFIX_HEADER = YES;
				GCC_PREFIX_HEADER = "WineApp/WineApp-Prefix.pch";
				INFOPLIST_FILE = "WineApp/WineApp-Info.plist";
				PRODUCT_NAME = "$(TARGET_NAME)";
				WRAPPER_EXTENSION = app;
			};
			name = Release;
		};
		21C4BD7319927BCA0064F3B3 /* Debug */ = {
			isa = XCBuildConfiguration;
			buildSettings = {
				BUNDLE_LOADER = "$(BUILT_PRODUCTS_DIR)/WineApp.app/WineApp";
				FRAMEWORK_SEARCH_PATHS = (
					"$(SDKROOT)/Developer/Library/Frameworks",
					"$(inherited)",
					"$(DEVELOPER_FRAMEWORKS_DIR)",
				);
				GCC_PRECOMPILE_PREFIX_HEADER = YES;
				GCC_PREFIX_HEADER = "WineApp/WineApp-Prefix.pch";
				GCC_PREPROCESSOR_DEFINITIONS = (
					"DEBUG=1",
					"$(inherited)",
				);
				INFOPLIST_FILE = "WineAppTests/WineAppTests-Info.plist";
				PRODUCT_NAME = "$(TARGET_NAME)";
				TEST_HOST = "$(BUNDLE_LOADER)";
				WRAPPER_EXTENSION = xctest;
			};
			name = Debug;
		};
		21C4BD7419927BCA0064F3B3 /* Release */ = {
			isa = XCBuildConfiguration;
			buildSettings = {
				BUNDLE_LOADER = "$(BUILT_PRODUCTS_DIR)/WineApp.app/WineApp";
				FRAMEWORK_SEARCH_PATHS = (
					"$(SDKROOT)/Developer/Library/Frameworks",
					"$(inherited)",
					"$(DEVELOPER_FRAMEWORKS_DIR)",
				);
				GCC_PRECOMPILE_PREFIX_HEADER = YES;
				GCC_PREFIX_HEADER = "WineApp/WineApp-Prefix.pch";
				INFOPLIST_FILE = "WineAppTests/WineAppTests-Info.plist";
				PRODUCT_NAME = "$(TARGET_NAME)";
				TEST_HOST = "$(BUNDLE_LOADER)";
				WRAPPER_EXTENSION = xctest;
			};
			name = Release;
		};
/* End XCBuildConfiguration section */

/* Begin XCConfigurationList section */
		21C4BD3819927BCA0064F3B3 /* Build configuration list for PBXProject "WineApp" */ = {
			isa = XCConfigurationList;
			buildConfigurations = (
				21C4BD6D19927BCA0064F3B3 /* Debug */,
				21C4BD6E19927BCA0064F3B3 /* Release */,
			);
			defaultConfigurationIsVisible = 0;
			defaultConfigurationName = Release;
		};
		21C4BD6F19927BCA0064F3B3 /* Build configuration list for PBXNativeTarget "WineApp" */ = {
			isa = XCConfigurationList;
			buildConfigurations = (
				21C4BD7019927BCA0064F3B3 /* Debug */,
				21C4BD7119927BCA0064F3B3 /* Release */,
			);
			defaultConfigurationIsVisible = 0;
		};
		21C4BD7219927BCA0064F3B3 /* Build configuration list for PBXNativeTarget "WineAppTests" */ = {
			isa = XCConfigurationList;
			buildConfigurations = (
				21C4BD7319927BCA0064F3B3 /* Debug */,
				21C4BD7419927BCA0064F3B3 /* Release */,
			);
			defaultConfigurationIsVisible = 0;
		};
/* End XCConfigurationList section */
	};
	rootObject = 21C4BD3519927BCA0064F3B3 /* Project object */;
}
